
Microsoft Visual Studio Solution File, Format Version 11.00
# Visual Studio 2010
Project("{FAE04EC0-301F-11D3-BF4B-00C04F79EFBC}") = "Assembly-CSharp", "Assembly-CSharp.csproj", "{CF416E9A-EAC3-D412-0821-6E70FBB9799D}"
EndProject
Project("{FAE04EC0-301F-11D3-BF4B-00C04F79EFBC}") = "Assembly-CSharp-Editor", "Assembly-CSharp-Editor.csproj", "{700C07F1-4AA1-1315-FAC7-B607019496AD}"
EndProject
Global
	GlobalSection(SolutionConfigurationPlatforms) = preSolution
		Debug|Any CPU = Debug|Any CPU
		Release|Any CPU = Release|Any CPU
	EndGlobalSection
	GlobalSection(ProjectConfigurationPlatforms) = postSolution
		{CF416E9A-EAC3-D412-0821-6E70FBB9799D}.Debug|Any CPU.ActiveCfg = Debug|Any CPU
		{CF416E9A-EAC3-D412-0821-6E70FBB9799D}.Debug|Any CPU.Build.0 = Debug|Any CPU
		{CF416E9A-EAC3-D412-0821-6E70FBB9799D}.Release|Any CPU.ActiveCfg = Release|Any CPU
		{CF416E9A-EAC3-D412-0821-6E70FBB9799D}.Release|Any CPU.Build.0 = Release|Any CPU
		{700C07F1-4AA1-1315-FAC7-B607019496AD}.Debug|Any CPU.ActiveCfg = Debug|Any CPU
		{700C07F1-4AA1-1315-FAC7-B607019496AD}.Debug|Any CPU.Build.0 = Debug|Any CPU
		{700C07F1-4AA1-1315-FAC7-B607019496AD}.Release|Any CPU.ActiveCfg = Release|Any CPU
		{700C07F1-4AA1-1315-FAC7-B607019496AD}.Release|Any CPU.Build.0 = Release|Any CPU
	EndGlobalSection
	GlobalSection(SolutionProperties) = preSolution
		HideSolutionNode = FALSE
	EndGlobalSection
EndGlobal
