
Microsoft Visual Studio Solution File, Format Version 12.00
# Visual Studio 15
Project("{FAE04EC0-301F-11D3-BF4B-00C04F79EFBC}") = "Assembly-CSharp", "Assembly-CSharp.csproj", "{CF4613BB-CE5E-7CAD-3813-806C745576BF}"
EndProject
Project("{FAE04EC0-301F-11D3-BF4B-00C04F79EFBC}") = "Assembly-CSharp-Editor", "Assembly-CSharp-Editor.csproj", "{482EB6E9-C117-B3E7-0EF0-6498445A6F4E}"
EndProject
Global
	GlobalSection(SolutionConfigurationPlatforms) = preSolution
		Debug|Any CPU = Debug|Any CPU
		Release|Any CPU = Release|Any CPU
	EndGlobalSection
	GlobalSection(ProjectConfigurationPlatforms) = postSolution
		{CF4613BB-CE5E-7CAD-3813-806C745576BF}.Debug|Any CPU.ActiveCfg = Debug|Any CPU
		{CF4613BB-CE5E-7CAD-3813-806C745576BF}.Debug|Any CPU.Build.0 = Debug|Any CPU
		{CF4613BB-CE5E-7CAD-3813-806C745576BF}.Release|Any CPU.ActiveCfg = Release|Any CPU
		{CF4613BB-CE5E-7CAD-3813-806C745576BF}.Release|Any CPU.Build.0 = Release|Any CPU
		{482EB6E9-C117-B3E7-0EF0-6498445A6F4E}.Debug|Any CPU.ActiveCfg = Debug|Any CPU
		{482EB6E9-C117-B3E7-0EF0-6498445A6F4E}.Debug|Any CPU.Build.0 = Debug|Any CPU
		{482EB6E9-C117-B3E7-0EF0-6498445A6F4E}.Release|Any CPU.ActiveCfg = Release|Any CPU
		{482EB6E9-C117-B3E7-0EF0-6498445A6F4E}.Release|Any CPU.Build.0 = Release|Any CPU
	EndGlobalSection
	GlobalSection(SolutionProperties) = preSolution
		HideSolutionNode = FALSE
	EndGlobalSection
EndGlobal
